// !$*UTF8*$!
{
	archiveVersion = 1;
	classes = {
	};
	objectVersion = 51;
	objects = {

/* Begin PBXBuildFile section */
		040FACEA2302BBCD00ABB99F /* MainCurrencyViewCell.swift in Sources */ = {isa = PBXBuildFile; fileRef = 040FACE82302BBCD00ABB99F /* MainCurrencyViewCell.swift */; };
		040FACEB2302BBCD00ABB99F /* MainCurrencyViewCell.xib in Resources */ = {isa = PBXBuildFile; fileRef = 040FACE92302BBCD00ABB99F /* MainCurrencyViewCell.xib */; };
		0410A80422F6884F00678085 /* SettingNotificationViewCell.swift in Sources */ = {isa = PBXBuildFile; fileRef = 0410A80322F6884F00678085 /* SettingNotificationViewCell.swift */; };
		0410A80622F688C600678085 /* SettingNotificationViewController.swift in Sources */ = {isa = PBXBuildFile; fileRef = 0410A80522F688C600678085 /* SettingNotificationViewController.swift */; };
		0410A80822F696B700678085 /* NotificationTime.swift in Sources */ = {isa = PBXBuildFile; fileRef = 0410A80722F696B700678085 /* NotificationTime.swift */; };
		0410A80A22F6B30D00678085 /* ExpandableTime.swift in Sources */ = {isa = PBXBuildFile; fileRef = 0410A80922F6B30D00678085 /* ExpandableTime.swift */; };
		0432420522F57F5600EF097B /* AppDelegate.swift in Sources */ = {isa = PBXBuildFile; fileRef = 0432420422F57F5600EF097B /* AppDelegate.swift */; };
		0432420C22F57F5600EF097B /* Main.storyboard in Resources */ = {isa = PBXBuildFile; fileRef = 0432420A22F57F5600EF097B /* Main.storyboard */; };
		0432420E22F57F5600EF097B /* Assets.xcassets in Resources */ = {isa = PBXBuildFile; fileRef = 0432420D22F57F5600EF097B /* Assets.xcassets */; };
		0432421122F57F5600EF097B /* LaunchScreen.storyboard in Resources */ = {isa = PBXBuildFile; fileRef = 0432420F22F57F5600EF097B /* LaunchScreen.storyboard */; };
		0432421D22F57FF500EF097B /* MainViewController.swift in Sources */ = {isa = PBXBuildFile; fileRef = 0432421C22F57FF500EF097B /* MainViewController.swift */; };
		0432421F22F5800300EF097B /* CalculatorViewController.swift in Sources */ = {isa = PBXBuildFile; fileRef = 0432421E22F5800300EF097B /* CalculatorViewController.swift */; };
		0432422122F5800C00EF097B /* SettingsViewController.swift in Sources */ = {isa = PBXBuildFile; fileRef = 0432422022F5800C00EF097B /* SettingsViewController.swift */; };
		0432422322F5848700EF097B /* TabBarController.swift in Sources */ = {isa = PBXBuildFile; fileRef = 0432422222F5848700EF097B /* TabBarController.swift */; };
		0432422722F5CBB900EF097B /* settingsViewCell.swift in Sources */ = {isa = PBXBuildFile; fileRef = 0432422622F5CBB900EF097B /* settingsViewCell.swift */; };
		0432422E22F5E96D00EF097B /* MessageUI.framework in Frameworks */ = {isa = PBXBuildFile; fileRef = 0432422D22F5E96D00EF097B /* MessageUI.framework */; };
		045F6C3A22F9C5FB00FAC30E /* BaseCurrencyViewController.swift in Sources */ = {isa = PBXBuildFile; fileRef = 045F6C3922F9C5FB00FAC30E /* BaseCurrencyViewController.swift */; };
		04CCBC2D2300089700675350 /* BaseCurrencyPickerView.swift in Sources */ = {isa = PBXBuildFile; fileRef = 04CCBC2C2300089700675350 /* BaseCurrencyPickerView.swift */; };
		04CCBC2F23003AB000675350 /* DisclaimerViewController.swift in Sources */ = {isa = PBXBuildFile; fileRef = 04CCBC2E23003AB000675350 /* DisclaimerViewController.swift */; };
		04CCBC312300477E00675350 /* AboutViewController.swift in Sources */ = {isa = PBXBuildFile; fileRef = 04CCBC302300477E00675350 /* AboutViewController.swift */; };
		04CCBC332300489E00675350 /* SpecialThanksViewController.swift in Sources */ = {isa = PBXBuildFile; fileRef = 04CCBC322300489E00675350 /* SpecialThanksViewController.swift */; };
		04CCBC3823005EAD00675350 /* String+iChecker.swift in Sources */ = {isa = PBXBuildFile; fileRef = 04CCBC3723005EAD00675350 /* String+iChecker.swift */; };
		04CCBC3A2300685100675350 /* CalculatorCurrenciesViewCell.swift in Sources */ = {isa = PBXBuildFile; fileRef = 04CCBC392300685100675350 /* CalculatorCurrenciesViewCell.swift */; };
		D9EDD029564AAD59C49A6F62 /* Pods_iChecker.framework in Frameworks */ = {isa = PBXBuildFile; fileRef = D513236A9FA649DD90853078 /* Pods_iChecker.framework */; };
/* End PBXBuildFile section */

/* Begin PBXFileReference section */
		040FACE82302BBCD00ABB99F /* MainCurrencyViewCell.swift */ = {isa = PBXFileReference; lastKnownFileType = sourcecode.swift; path = MainCurrencyViewCell.swift; sourceTree = "<group>"; };
		040FACE92302BBCD00ABB99F /* MainCurrencyViewCell.xib */ = {isa = PBXFileReference; lastKnownFileType = file.xib; path = MainCurrencyViewCell.xib; sourceTree = "<group>"; };
		0410A80322F6884F00678085 /* SettingNotificationViewCell.swift */ = {isa = PBXFileReference; lastKnownFileType = sourcecode.swift; path = SettingNotificationViewCell.swift; sourceTree = "<group>"; };
		0410A80522F688C600678085 /* SettingNotificationViewController.swift */ = {isa = PBXFileReference; lastKnownFileType = sourcecode.swift; path = SettingNotificationViewController.swift; sourceTree = "<group>"; };
		0410A80722F696B700678085 /* NotificationTime.swift */ = {isa = PBXFileReference; lastKnownFileType = sourcecode.swift; path = NotificationTime.swift; sourceTree = "<group>"; };
		0410A80922F6B30D00678085 /* ExpandableTime.swift */ = {isa = PBXFileReference; lastKnownFileType = sourcecode.swift; path = ExpandableTime.swift; sourceTree = "<group>"; };
		0432420122F57F5600EF097B /* iChecker.app */ = {isa = PBXFileReference; explicitFileType = wrapper.application; includeInIndex = 0; path = iChecker.app; sourceTree = BUILT_PRODUCTS_DIR; };
		0432420422F57F5600EF097B /* AppDelegate.swift */ = {isa = PBXFileReference; lastKnownFileType = sourcecode.swift; path = AppDelegate.swift; sourceTree = "<group>"; };
		0432420B22F57F5600EF097B /* Base */ = {isa = PBXFileReference; lastKnownFileType = file.storyboard; name = Base; path = Base.lproj/Main.storyboard; sourceTree = "<group>"; };
		0432420D22F57F5600EF097B /* Assets.xcassets */ = {isa = PBXFileReference; lastKnownFileType = folder.assetcatalog; path = Assets.xcassets; sourceTree = "<group>"; };
		0432421022F57F5600EF097B /* Base */ = {isa = PBXFileReference; lastKnownFileType = file.storyboard; name = Base; path = Base.lproj/LaunchScreen.storyboard; sourceTree = "<group>"; };
		0432421222F57F5600EF097B /* Info.plist */ = {isa = PBXFileReference; lastKnownFileType = text.plist.xml; path = Info.plist; sourceTree = "<group>"; };
		0432421C22F57FF500EF097B /* MainViewController.swift */ = {isa = PBXFileReference; lastKnownFileType = sourcecode.swift; path = MainViewController.swift; sourceTree = "<group>"; };
		0432421E22F5800300EF097B /* CalculatorViewController.swift */ = {isa = PBXFileReference; lastKnownFileType = sourcecode.swift; path = CalculatorViewController.swift; sourceTree = "<group>"; };
		0432422022F5800C00EF097B /* SettingsViewController.swift */ = {isa = PBXFileReference; lastKnownFileType = sourcecode.swift; path = SettingsViewController.swift; sourceTree = "<group>"; };
		0432422222F5848700EF097B /* TabBarController.swift */ = {isa = PBXFileReference; lastKnownFileType = sourcecode.swift; path = TabBarController.swift; sourceTree = "<group>"; tabWidth = 3; };
		0432422622F5CBB900EF097B /* settingsViewCell.swift */ = {isa = PBXFileReference; lastKnownFileType = sourcecode.swift; path = settingsViewCell.swift; sourceTree = "<group>"; };
		0432422D22F5E96D00EF097B /* MessageUI.framework */ = {isa = PBXFileReference; lastKnownFileType = wrapper.framework; name = MessageUI.framework; path = System/Library/Frameworks/MessageUI.framework; sourceTree = SDKROOT; };
		045F6C3922F9C5FB00FAC30E /* BaseCurrencyViewController.swift */ = {isa = PBXFileReference; lastKnownFileType = sourcecode.swift; path = BaseCurrencyViewController.swift; sourceTree = "<group>"; };
		04CCBC2C2300089700675350 /* BaseCurrencyPickerView.swift */ = {isa = PBXFileReference; lastKnownFileType = sourcecode.swift; path = BaseCurrencyPickerView.swift; sourceTree = "<group>"; };
		04CCBC2E23003AB000675350 /* DisclaimerViewController.swift */ = {isa = PBXFileReference; lastKnownFileType = sourcecode.swift; path = DisclaimerViewController.swift; sourceTree = "<group>"; };
		04CCBC302300477E00675350 /* AboutViewController.swift */ = {isa = PBXFileReference; lastKnownFileType = sourcecode.swift; path = AboutViewController.swift; sourceTree = "<group>"; };
		04CCBC322300489E00675350 /* SpecialThanksViewController.swift */ = {isa = PBXFileReference; lastKnownFileType = sourcecode.swift; path = SpecialThanksViewController.swift; sourceTree = "<group>"; };
		04CCBC3723005EAD00675350 /* String+iChecker.swift */ = {isa = PBXFileReference; lastKnownFileType = sourcecode.swift; path = "String+iChecker.swift"; sourceTree = "<group>"; };
		04CCBC392300685100675350 /* CalculatorCurrenciesViewCell.swift */ = {isa = PBXFileReference; lastKnownFileType = sourcecode.swift; path = CalculatorCurrenciesViewCell.swift; sourceTree = "<group>"; };
		96FEA3481F9052A2F6737F57 /* Pods-iChecker.debug.xcconfig */ = {isa = PBXFileReference; includeInIndex = 1; lastKnownFileType = text.xcconfig; name = "Pods-iChecker.debug.xcconfig"; path = "Target Support Files/Pods-iChecker/Pods-iChecker.debug.xcconfig"; sourceTree = "<group>"; };
		AB8C08FFC25BA652CD610DCC /* Pods-iChecker.release.xcconfig */ = {isa = PBXFileReference; includeInIndex = 1; lastKnownFileType = text.xcconfig; name = "Pods-iChecker.release.xcconfig"; path = "Target Support Files/Pods-iChecker/Pods-iChecker.release.xcconfig"; sourceTree = "<group>"; };
		D513236A9FA649DD90853078 /* Pods_iChecker.framework */ = {isa = PBXFileReference; explicitFileType = wrapper.framework; includeInIndex = 0; path = Pods_iChecker.framework; sourceTree = BUILT_PRODUCTS_DIR; };
/* End PBXFileReference section */

/* Begin PBXFrameworksBuildPhase section */
		043241FE22F57F5600EF097B /* Frameworks */ = {
			isa = PBXFrameworksBuildPhase;
			buildActionMask = 2147483647;
			files = (
				0432422E22F5E96D00EF097B /* MessageUI.framework in Frameworks */,
				D9EDD029564AAD59C49A6F62 /* Pods_iChecker.framework in Frameworks */,
			);
			runOnlyForDeploymentPostprocessing = 0;
		};
/* End PBXFrameworksBuildPhase section */

/* Begin PBXGroup section */
		040FACEC2302BBD200ABB99F /* MainCurrencyViewCell */ = {
			isa = PBXGroup;
			children = (
				040FACE92302BBCD00ABB99F /* MainCurrencyViewCell.xib */,
				040FACE82302BBCD00ABB99F /* MainCurrencyViewCell.swift */,
			);
			path = MainCurrencyViewCell;
			sourceTree = "<group>";
		};
		043241F822F57F5600EF097B = {
			isa = PBXGroup;
			children = (
				0432420322F57F5600EF097B /* iChecker */,
				0432420222F57F5600EF097B /* Products */,
				0432422C22F5E96C00EF097B /* Frameworks */,
				4F7FF25CCCBDBA5829B46549 /* Pods */,
			);
			sourceTree = "<group>";
		};
		0432420222F57F5600EF097B /* Products */ = {
			isa = PBXGroup;
			children = (
				0432420122F57F5600EF097B /* iChecker.app */,
			);
			name = Products;
			sourceTree = "<group>";
		};
		0432420322F57F5600EF097B /* iChecker */ = {
			isa = PBXGroup;
			children = (
				04CCBC3623005E9A00675350 /* Extensions */,
				0432421B22F57FDA00EF097B /* Resources */,
				0432421A22F57FD200EF097B /* Controllers */,
				0432421922F57FC800EF097B /* Views */,
				0432421822F57FC300EF097B /* Models */,
				0432420422F57F5600EF097B /* AppDelegate.swift */,
				0432421222F57F5600EF097B /* Info.plist */,
			);
			path = iChecker;
			sourceTree = "<group>";
		};
		0432421822F57FC300EF097B /* Models */ = {
			isa = PBXGroup;
			children = (
				0410A80722F696B700678085 /* NotificationTime.swift */,
				0410A80922F6B30D00678085 /* ExpandableTime.swift */,
			);
			path = Models;
			sourceTree = "<group>";
		};
		0432421922F57FC800EF097B /* Views */ = {
			isa = PBXGroup;
			children = (
				0432422622F5CBB900EF097B /* settingsViewCell.swift */,
				0410A80322F6884F00678085 /* SettingNotificationViewCell.swift */,
				04CCBC2C2300089700675350 /* BaseCurrencyPickerView.swift */,
				04CCBC392300685100675350 /* CalculatorCurrenciesViewCell.swift */,
				040FACEC2302BBD200ABB99F /* MainCurrencyViewCell */,
			);
			path = Views;
			sourceTree = "<group>";
		};
		0432421A22F57FD200EF097B /* Controllers */ = {
			isa = PBXGroup;
			children = (
				0432421E22F5800300EF097B /* CalculatorViewController.swift */,
				0432421C22F57FF500EF097B /* MainViewController.swift */,
				0432422022F5800C00EF097B /* SettingsViewController.swift */,
				0432422222F5848700EF097B /* TabBarController.swift */,
				0410A80522F688C600678085 /* SettingNotificationViewController.swift */,
				045F6C3922F9C5FB00FAC30E /* BaseCurrencyViewController.swift */,
				04CCBC2E23003AB000675350 /* DisclaimerViewController.swift */,
				04CCBC302300477E00675350 /* AboutViewController.swift */,
				04CCBC322300489E00675350 /* SpecialThanksViewController.swift */,
			);
			path = Controllers;
			sourceTree = "<group>";
		};
		0432421B22F57FDA00EF097B /* Resources */ = {
			isa = PBXGroup;
			children = (
				0432420A22F57F5600EF097B /* Main.storyboard */,
				0432420D22F57F5600EF097B /* Assets.xcassets */,
				0432420F22F57F5600EF097B /* LaunchScreen.storyboard */,
			);
			path = Resources;
			sourceTree = "<group>";
		};
		0432422C22F5E96C00EF097B /* Frameworks */ = {
			isa = PBXGroup;
			children = (
				0432422D22F5E96D00EF097B /* MessageUI.framework */,
				D513236A9FA649DD90853078 /* Pods_iChecker.framework */,
			);
			name = Frameworks;
			sourceTree = "<group>";
		};
		04CCBC3623005E9A00675350 /* Extensions */ = {
			isa = PBXGroup;
			children = (
				04CCBC3723005EAD00675350 /* String+iChecker.swift */,
			);
			path = Extensions;
			sourceTree = "<group>";
		};
		4F7FF25CCCBDBA5829B46549 /* Pods */ = {
			isa = PBXGroup;
			children = (
				96FEA3481F9052A2F6737F57 /* Pods-iChecker.debug.xcconfig */,
				AB8C08FFC25BA652CD610DCC /* Pods-iChecker.release.xcconfig */,
			);
			path = Pods;
			sourceTree = "<group>";
		};
/* End PBXGroup section */

/* Begin PBXNativeTarget section */
		0432420022F57F5600EF097B /* iChecker */ = {
			isa = PBXNativeTarget;
			buildConfigurationList = 0432421522F57F5600EF097B /* Build configuration list for PBXNativeTarget "iChecker" */;
			buildPhases = (
				AF4C6E444012F8122623BAF1 /* [CP] Check Pods Manifest.lock */,
				043241FD22F57F5600EF097B /* Sources */,
				043241FE22F57F5600EF097B /* Frameworks */,
				043241FF22F57F5600EF097B /* Resources */,
				0E4184C7BA87F9D28676568E /* [CP] Embed Pods Frameworks */,
			);
			buildRules = (
			);
			dependencies = (
			);
			name = iChecker;
			productName = iChecker;
			productReference = 0432420122F57F5600EF097B /* iChecker.app */;
			productType = "com.apple.product-type.application";
		};
/* End PBXNativeTarget section */

/* Begin PBXProject section */
		043241F922F57F5600EF097B /* Project object */ = {
			isa = PBXProject;
			attributes = {
				LastSwiftUpdateCheck = 1030;
				LastUpgradeCheck = 1030;
				ORGANIZATIONNAME = "John Zhou";
				TargetAttributes = {
					0432420022F57F5600EF097B = {
						CreatedOnToolsVersion = 10.3;
					};
				};
			};
			buildConfigurationList = 043241FC22F57F5600EF097B /* Build configuration list for PBXProject "iChecker" */;
			compatibilityVersion = "Xcode 9.3";
			developmentRegion = en;
			hasScannedForEncodings = 0;
			knownRegions = (
				en,
				Base,
			);
			mainGroup = 043241F822F57F5600EF097B;
			productRefGroup = 0432420222F57F5600EF097B /* Products */;
			projectDirPath = "";
			projectRoot = "";
			targets = (
				0432420022F57F5600EF097B /* iChecker */,
			);
		};
/* End PBXProject section */

/* Begin PBXResourcesBuildPhase section */
		043241FF22F57F5600EF097B /* Resources */ = {
			isa = PBXResourcesBuildPhase;
			buildActionMask = 2147483647;
			files = (
				040FACEB2302BBCD00ABB99F /* MainCurrencyViewCell.xib in Resources */,
				0432421122F57F5600EF097B /* LaunchScreen.storyboard in Resources */,
				0432420E22F57F5600EF097B /* Assets.xcassets in Resources */,
				0432420C22F57F5600EF097B /* Main.storyboard in Resources */,
			);
			runOnlyForDeploymentPostprocessing = 0;
		};
/* End PBXResourcesBuildPhase section */

/* Begin PBXShellScriptBuildPhase section */
		0E4184C7BA87F9D28676568E /* [CP] Embed Pods Frameworks */ = {
			isa = PBXShellScriptBuildPhase;
			buildActionMask = 2147483647;
			files = (
			);
			inputFileListPaths = (
				"${PODS_ROOT}/Target Support Files/Pods-iChecker/Pods-iChecker-frameworks-${CONFIGURATION}-input-files.xcfilelist",
			);
			name = "[CP] Embed Pods Frameworks";
			outputFileListPaths = (
				"${PODS_ROOT}/Target Support Files/Pods-iChecker/Pods-iChecker-frameworks-${CONFIGURATION}-output-files.xcfilelist",
			);
			runOnlyForDeploymentPostprocessing = 0;
			shellPath = /bin/sh;
			shellScript = "\"${PODS_ROOT}/Target Support Files/Pods-iChecker/Pods-iChecker-frameworks.sh\"\n";
			showEnvVarsInLog = 0;
		};
		AF4C6E444012F8122623BAF1 /* [CP] Check Pods Manifest.lock */ = {
			isa = PBXShellScriptBuildPhase;
			buildActionMask = 2147483647;
			files = (
			);
			inputFileListPaths = (
			);
			inputPaths = (
				"${PODS_PODFILE_DIR_PATH}/Podfile.lock",
				"${PODS_ROOT}/Manifest.lock",
			);
			name = "[CP] Check Pods Manifest.lock";
			outputFileListPaths = (
			);
			outputPaths = (
				"$(DERIVED_FILE_DIR)/Pods-iChecker-checkManifestLockResult.txt",
			);
			runOnlyForDeploymentPostprocessing = 0;
			shellPath = /bin/sh;
			shellScript = "diff \"${PODS_PODFILE_DIR_PATH}/Podfile.lock\" \"${PODS_ROOT}/Manifest.lock\" > /dev/null\nif [ $? != 0 ] ; then\n    # print error to STDERR\n    echo \"error: The sandbox is not in sync with the Podfile.lock. Run 'pod install' or update your CocoaPods installation.\" >&2\n    exit 1\nfi\n# This output is used by Xcode 'outputs' to avoid re-running this script phase.\necho \"SUCCESS\" > \"${SCRIPT_OUTPUT_FILE_0}\"\n";
			showEnvVarsInLog = 0;
		};
/* End PBXShellScriptBuildPhase section */

/* Begin PBXSourcesBuildPhase section */
		043241FD22F57F5600EF097B /* Sources */ = {
			isa = PBXSourcesBuildPhase;
			buildActionMask = 2147483647;
			files = (
				0432420522F57F5600EF097B /* AppDelegate.swift in Sources */,
				04CCBC3A2300685100675350 /* CalculatorCurrenciesViewCell.swift in Sources */,
				0432421F22F5800300EF097B /* CalculatorViewController.swift in Sources */,
				04CCBC312300477E00675350 /* AboutViewController.swift in Sources */,
				04CCBC2D2300089700675350 /* BaseCurrencyPickerView.swift in Sources */,
				0432421D22F57FF500EF097B /* MainViewController.swift in Sources */,
				045F6C3A22F9C5FB00FAC30E /* BaseCurrencyViewController.swift in Sources */,
				0410A80422F6884F00678085 /* SettingNotificationViewCell.swift in Sources */,
				040FACEA2302BBCD00ABB99F /* MainCurrencyViewCell.swift in Sources */,
				0432422722F5CBB900EF097B /* settingsViewCell.swift in Sources */,
				0410A80A22F6B30D00678085 /* ExpandableTime.swift in Sources */,
				04CCBC2F23003AB000675350 /* DisclaimerViewController.swift in Sources */,
				0432422322F5848700EF097B /* TabBarController.swift in Sources */,
				0410A80622F688C600678085 /* SettingNotificationViewController.swift in Sources */,
				0432422122F5800C00EF097B /* SettingsViewController.swift in Sources */,
				0410A80822F696B700678085 /* NotificationTime.swift in Sources */,
				04CCBC3823005EAD00675350 /* String+iChecker.swift in Sources */,
				04CCBC332300489E00675350 /* SpecialThanksViewController.swift in Sources */,
			);
			runOnlyForDeploymentPostprocessing = 0;
		};
/* End PBXSourcesBuildPhase section */

/* Begin PBXVariantGroup section */
		0432420A22F57F5600EF097B /* Main.storyboard */ = {
			isa = PBXVariantGroup;
			children = (
				0432420B22F57F5600EF097B /* Base */,
			);
			name = Main.storyboard;
			sourceTree = "<group>";
		};
		0432420F22F57F5600EF097B /* LaunchScreen.storyboard */ = {
			isa = PBXVariantGroup;
			children = (
				0432421022F57F5600EF097B /* Base */,
			);
			name = LaunchScreen.storyboard;
			sourceTree = "<group>";
		};
/* End PBXVariantGroup section */

/* Begin XCBuildConfiguration section */
		0432421322F57F5600EF097B /* Debug */ = {
			isa = XCBuildConfiguration;
			buildSettings = {
				ALWAYS_SEARCH_USER_PATHS = NO;
				CLANG_ANALYZER_NONNULL = YES;
				CLANG_ANALYZER_NUMBER_OBJECT_CONVERSION = YES_AGGRESSIVE;
				CLANG_CXX_LANGUAGE_STANDARD = "gnu++14";
				CLANG_CXX_LIBRARY = "libc++";
				CLANG_ENABLE_MODULES = YES;
				CLANG_ENABLE_OBJC_ARC = YES;
				CLANG_ENABLE_OBJC_WEAK = YES;
				CLANG_WARN_BLOCK_CAPTURE_AUTORELEASING = YES;
				CLANG_WARN_BOOL_CONVERSION = YES;
				CLANG_WARN_COMMA = YES;
				CLANG_WARN_CONSTANT_CONVERSION = YES;
				CLANG_WARN_DEPRECATED_OBJC_IMPLEMENTATIONS = YES;
				CLANG_WARN_DIRECT_OBJC_ISA_USAGE = YES_ERROR;
				CLANG_WARN_DOCUMENTATION_COMMENTS = YES;
				CLANG_WARN_EMPTY_BODY = YES;
				CLANG_WARN_ENUM_CONVERSION = YES;
				CLANG_WARN_INFINITE_RECURSION = YES;
				CLANG_WARN_INT_CONVERSION = YES;
				CLANG_WARN_NON_LITERAL_NULL_CONVERSION = YES;
				CLANG_WARN_OBJC_IMPLICIT_RETAIN_SELF = YES;
				CLANG_WARN_OBJC_LITERAL_CONVERSION = YES;
				CLANG_WARN_OBJC_ROOT_CLASS = YES_ERROR;
				CLANG_WARN_RANGE_LOOP_ANALYSIS = YES;
				CLANG_WARN_STRICT_PROTOTYPES = YES;
				CLANG_WARN_SUSPICIOUS_MOVE = YES;
				CLANG_WARN_UNGUARDED_AVAILABILITY = YES_AGGRESSIVE;
				CLANG_WARN_UNREACHABLE_CODE = YES;
				CLANG_WARN__DUPLICATE_METHOD_MATCH = YES;
				CODE_SIGN_IDENTITY = "iPhone Developer";
				COPY_PHASE_STRIP = NO;
				DEBUG_INFORMATION_FORMAT = dwarf;
				ENABLE_STRICT_OBJC_MSGSEND = YES;
				ENABLE_TESTABILITY = YES;
				GCC_C_LANGUAGE_STANDARD = gnu11;
				GCC_DYNAMIC_NO_PIC = NO;
				GCC_NO_COMMON_BLOCKS = YES;
				GCC_OPTIMIZATION_LEVEL = 0;
				GCC_PREPROCESSOR_DEFINITIONS = (
					"DEBUG=1",
					"$(inherited)",
				);
				GCC_WARN_64_TO_32_BIT_CONVERSION = YES;
				GCC_WARN_ABOUT_RETURN_TYPE = YES_ERROR;
				GCC_WARN_UNDECLARED_SELECTOR = YES;
				GCC_WARN_UNINITIALIZED_AUTOS = YES_AGGRESSIVE;
				GCC_WARN_UNUSED_FUNCTION = YES;
				GCC_WARN_UNUSED_VARIABLE = YES;
				IPHONEOS_DEPLOYMENT_TARGET = 12.4;
				MTL_ENABLE_DEBUG_INFO = INCLUDE_SOURCE;
				MTL_FAST_MATH = YES;
				ONLY_ACTIVE_ARCH = YES;
				SDKROOT = iphoneos;
				SWIFT_ACTIVE_COMPILATION_CONDITIONS = DEBUG;
				SWIFT_OPTIMIZATION_LEVEL = "-Onone";
			};
			name = Debug;
		};
		0432421422F57F5600EF097B /* Release */ = {
			isa = XCBuildConfiguration;
			buildSettings = {
				ALWAYS_SEARCH_USER_PATHS = NO;
				CLANG_ANALYZER_NONNULL = YES;
				CLANG_ANALYZER_NUMBER_OBJECT_CONVERSION = YES_AGGRESSIVE;
				CLANG_CXX_LANGUAGE_STANDARD = "gnu++14";
				CLANG_CXX_LIBRARY = "libc++";
				CLANG_ENABLE_MODULES = YES;
				CLANG_ENABLE_OBJC_ARC = YES;
				CLANG_ENABLE_OBJC_WEAK = YES;
				CLANG_WARN_BLOCK_CAPTURE_AUTORELEASING = YES;
				CLANG_WARN_BOOL_CONVERSION = YES;
				CLANG_WARN_COMMA = YES;
				CLANG_WARN_CONSTANT_CONVERSION = YES;
				CLANG_WARN_DEPRECATED_OBJC_IMPLEMENTATIONS = YES;
				CLANG_WARN_DIRECT_OBJC_ISA_USAGE = YES_ERROR;
				CLANG_WARN_DOCUMENTATION_COMMENTS = YES;
				CLANG_WARN_EMPTY_BODY = YES;
				CLANG_WARN_ENUM_CONVERSION = YES;
				CLANG_WARN_INFINITE_RECURSION = YES;
				CLANG_WARN_INT_CONVERSION = YES;
				CLANG_WARN_NON_LITERAL_NULL_CONVERSION = YES;
				CLANG_WARN_OBJC_IMPLICIT_RETAIN_SELF = YES;
				CLANG_WARN_OBJC_LITERAL_CONVERSION = YES;
				CLANG_WARN_OBJC_ROOT_CLASS = YES_ERROR;
				CLANG_WARN_RANGE_LOOP_ANALYSIS = YES;
				CLANG_WARN_STRICT_PROTOTYPES = YES;
				CLANG_WARN_SUSPICIOUS_MOVE = YES;
				CLANG_WARN_UNGUARDED_AVAILABILITY = YES_AGGRESSIVE;
				CLANG_WARN_UNREACHABLE_CODE = YES;
				CLANG_WARN__DUPLICATE_METHOD_MATCH = YES;
				CODE_SIGN_IDENTITY = "iPhone Developer";
				COPY_PHASE_STRIP = NO;
				DEBUG_INFORMATION_FORMAT = "dwarf-with-dsym";
				ENABLE_NS_ASSERTIONS = NO;
				ENABLE_STRICT_OBJC_MSGSEND = YES;
				GCC_C_LANGUAGE_STANDARD = gnu11;
				GCC_NO_COMMON_BLOCKS = YES;
				GCC_WARN_64_TO_32_BIT_CONVERSION = YES;
				GCC_WARN_ABOUT_RETURN_TYPE = YES_ERROR;
				GCC_WARN_UNDECLARED_SELECTOR = YES;
				GCC_WARN_UNINITIALIZED_AUTOS = YES_AGGRESSIVE;
				GCC_WARN_UNUSED_FUNCTION = YES;
				GCC_WARN_UNUSED_VARIABLE = YES;
				IPHONEOS_DEPLOYMENT_TARGET = 12.4;
				MTL_ENABLE_DEBUG_INFO = NO;
				MTL_FAST_MATH = YES;
				SDKROOT = iphoneos;
				SWIFT_COMPILATION_MODE = wholemodule;
				SWIFT_OPTIMIZATION_LEVEL = "-O";
				VALIDATE_PRODUCT = YES;
			};
			name = Release;
		};
		0432421622F57F5600EF097B /* Debug */ = {
			isa = XCBuildConfiguration;
			baseConfigurationReference = 96FEA3481F9052A2F6737F57 /* Pods-iChecker.debug.xcconfig */;
			buildSettings = {
				ASSETCATALOG_COMPILER_APPICON_NAME = AppIcon;
				CODE_SIGN_STYLE = Automatic;
				DEVELOPMENT_TEAM = J2Y8RGS558;
				INFOPLIST_FILE = iChecker/Info.plist;
				IPHONEOS_DEPLOYMENT_TARGET = 12.0;
				LD_RUNPATH_SEARCH_PATHS = (
					"$(inherited)",
					"@executable_path/Frameworks",
				);
				PRODUCT_BUNDLE_IDENTIFIER = com.johnzhou.iChecker;
				PRODUCT_NAME = "$(TARGET_NAME)";
				SWIFT_VERSION = 5.0;
				TARGETED_DEVICE_FAMILY = "1,2";
			};
			name = Debug;
		};
		0432421722F57F5600EF097B /* Release */ = {
			isa = XCBuildConfiguration;
			baseConfigurationReference = AB8C08FFC25BA652CD610DCC /* Pods-iChecker.release.xcconfig */;
			buildSettings = {
				ASSETCATALOG_COMPILER_APPICON_NAME = AppIcon;
				CODE_SIGN_STYLE = Automatic;
				DEVELOPMENT_TEAM = J2Y8RGS558;
				INFOPLIST_FILE = iChecker/Info.plist;
				IPHONEOS_DEPLOYMENT_TARGET = 12.0;
				LD_RUNPATH_SEARCH_PATHS = (
					"$(inherited)",
					"@executable_path/Frameworks",
				);
				PRODUCT_BUNDLE_IDENTIFIER = com.johnzhou.iChecker;
				PRODUCT_NAME = "$(TARGET_NAME)";
				SWIFT_VERSION = 5.0;
				TARGETED_DEVICE_FAMILY = "1,2";
			};
			name = Release;
		};
/* End XCBuildConfiguration section */

/* Begin XCConfigurationList section */
		043241FC22F57F5600EF097B /* Build configuration list for PBXProject "iChecker" */ = {
			isa = XCConfigurationList;
			buildConfigurations = (
				0432421322F57F5600EF097B /* Debug */,
				0432421422F57F5600EF097B /* Release */,
			);
			defaultConfigurationIsVisible = 0;
			defaultConfigurationName = Release;
		};
		0432421522F57F5600EF097B /* Build configuration list for PBXNativeTarget "iChecker" */ = {
			isa = XCConfigurationList;
			buildConfigurations = (
				0432421622F57F5600EF097B /* Debug */,
				0432421722F57F5600EF097B /* Release */,
			);
			defaultConfigurationIsVisible = 0;
			defaultConfigurationName = Release;
		};
/* End XCConfigurationList section */
	};
	rootObject = 043241F922F57F5600EF097B /* Project object */;
}
